{
  "requires": true,
  "lockfileVersion": 1,
  "dependencies": {
    "jspreadsheet-ce": {
      "version": "4.6.0",
      "resolved": "https://registry.npmjs.org/jspreadsheet-ce/-/jspreadsheet-ce-4.6.0.tgz",
      "integrity": "sha512-kLDO+PmwLmpDj0ltCKwBLXGN4eZV3zyt/MWAmWtA8zl8oonrYg53Z1eChaXWFrMwGNnu1DqgChBfPppa5XYZjg==",
      "requires": {
        "jsuites": "^4.0.0"
      }
    },
    "jsuites": {
      "version": "4.0.2",
      "resolved": "https://registry.npmjs.org/jsuites/-/jsuites-4.0.2.tgz",
      "integrity": "sha512-ASb8xEgvzkpxpmuZuBGCg2o8dSJlYs+z/Hj+OkCFUVqK8CpYIqqxi+NwLgcHHq6AxDsGcd4regEEMYJhUQc5zQ=="
    }
  }
}
